
Microsoft Visual Studio Solution File, Format Version 12.00
# Visual Studio 2012
Project("{FAE04EC0-301F-11D3-BF4B-00C04F79EFBC}") = "CalculateShape", "CalculateFigure\CalculateShape.csproj", "{CED03502-31A1-4F72-8936-73679B9774CC}"
EndProject
Project("{FAE04EC0-301F-11D3-BF4B-00C04F79EFBC}") = "CalculataShapeForm", "CalculataShapeForm\CalculataShapeForm.csproj", "{C076A552-4C06-41C7-AAB3-2EDEFD3315A2}"
EndProject
Project("{FAE04EC0-301F-11D3-BF4B-00C04F79EFBC}") = "ShapeCalculationLibrary", "ShapeCalculationLibrary\ShapeCalculationLibrary.csproj", "{A94586F5-5251-4540-A69E-C31ABA7839B4}"
EndProject
Global
	GlobalSection(SolutionConfigurationPlatforms) = preSolution
		Debug|Any CPU = Debug|Any CPU
		Release|Any CPU = Release|Any CPU
	EndGlobalSection
	GlobalSection(ProjectConfigurationPlatforms) = postSolution
		{CED03502-31A1-4F72-8936-73679B9774CC}.Debug|Any CPU.ActiveCfg = Debug|Any CPU
		{CED03502-31A1-4F72-8936-73679B9774CC}.Debug|Any CPU.Build.0 = Debug|Any CPU
		{CED03502-31A1-4F72-8936-73679B9774CC}.Release|Any CPU.ActiveCfg = Release|Any CPU
		{CED03502-31A1-4F72-8936-73679B9774CC}.Release|Any CPU.Build.0 = Release|Any CPU
		{C076A552-4C06-41C7-AAB3-2EDEFD3315A2}.Debug|Any CPU.ActiveCfg = Debug|Any CPU
		{C076A552-4C06-41C7-AAB3-2EDEFD3315A2}.Debug|Any CPU.Build.0 = Debug|Any CPU
		{C076A552-4C06-41C7-AAB3-2EDEFD3315A2}.Release|Any CPU.ActiveCfg = Release|Any CPU
		{C076A552-4C06-41C7-AAB3-2EDEFD3315A2}.Release|Any CPU.Build.0 = Release|Any CPU
		{A94586F5-5251-4540-A69E-C31ABA7839B4}.Debug|Any CPU.ActiveCfg = Debug|Any CPU
		{A94586F5-5251-4540-A69E-C31ABA7839B4}.Debug|Any CPU.Build.0 = Debug|Any CPU
		{A94586F5-5251-4540-A69E-C31ABA7839B4}.Release|Any CPU.ActiveCfg = Release|Any CPU
		{A94586F5-5251-4540-A69E-C31ABA7839B4}.Release|Any CPU.Build.0 = Release|Any CPU
	EndGlobalSection
	GlobalSection(SolutionProperties) = preSolution
		HideSolutionNode = FALSE
	EndGlobalSection
EndGlobal
